
Microsoft Visual Studio Solution File, Format Version 12.00
# Visual Studio 15
VisualStudioVersion = 15.0.26730.16
MinimumVisualStudioVersion = 10.0.40219.1
Project("{2150E333-8FDC-42A3-9474-1A3956D46DE8}") = "Data", "Data", "{413970E7-75F2-497B-BA6A-776D6B4B28FC}"
EndProject
Project("{2150E333-8FDC-42A3-9474-1A3956D46DE8}") = "Web", "Web", "{3AA8F592-3934-44B5-AF43-246195D727BB}"
EndProject
Project("{2150E333-8FDC-42A3-9474-1A3956D46DE8}") = "Infrastucture", "Infrastucture", "{252CFE48-0A83-42D4-854A-DD56D00A49D3}"
EndProject
Project("{2150E333-8FDC-42A3-9474-1A3956D46DE8}") = "Tests", "Tests", "{32DE8CE2-11CD-4827-A415-75C909DB4367}"
EndProject
Project("{FAE04EC0-301F-11D3-BF4B-00C04F79EFBC}") = "CAI.Services", "CAI.Services\CAI.Services.csproj", "{8DB2FB13-D923-48DB-BDCB-A62A16944E99}"
EndProject
Project("{FAE04EC0-301F-11D3-BF4B-00C04F79EFBC}") = "CAI.IoC", "CAI.IoC\CAI.IoC.csproj", "{F209A4D2-153F-43B2-964B-A5337E12A150}"
EndProject
Project("{FAE04EC0-301F-11D3-BF4B-00C04F79EFBC}") = "CAI.Services.Tests", "CAI.Services.Tests\CAI.Services.Tests.csproj", "{00EBEA36-A607-497F-A55E-65252B825986}"
EndProject
Project("{FAE04EC0-301F-11D3-BF4B-00C04F79EFBC}") = "CAI.ConsoleTestGround", "CAI.ConsoleTestGround\CAI.ConsoleTestGround.csproj", "{58BFE3AB-C84D-4F5C-8EE7-60A8A69FD962}"
EndProject
Project("{FAE04EC0-301F-11D3-BF4B-00C04F79EFBC}") = "CAI.Data", "CAI.Data\CAI.Data.csproj", "{0F040A2E-83BD-47E2-AC76-A541F18799DC}"
EndProject
Project("{FAE04EC0-301F-11D3-BF4B-00C04F79EFBC}") = "CAI.Data.Importer", "CAI.Data.Importer\CAI.Data.Importer.csproj", "{6152A800-A824-4507-9383-6838D017DC3F}"
EndProject
Project("{FAE04EC0-301F-11D3-BF4B-00C04F79EFBC}") = "CAI.Data.Models", "CAI.Data.Models\CAI.Data.Models.csproj", "{E9779A9E-32AF-4DEE-B9CF-DC138CB45E2C}"
EndProject
Project("{FAE04EC0-301F-11D3-BF4B-00C04F79EFBC}") = "CAI.Data.Abstraction", "CAI.Data.Abstraction\CAI.Data.Abstraction.csproj", "{A2BCD0BD-D125-4D0C-934F-305ED0FCE15D}"
EndProject
Project("{FAE04EC0-301F-11D3-BF4B-00C04F79EFBC}") = "CAI.Services.Abstraction", "CAI.Services.Abstraction\CAI.Services.Abstraction.csproj", "{E1E198E3-B376-4E67-9056-690469CE9BBD}"
EndProject
Project("{2150E333-8FDC-42A3-9474-1A3956D46DE8}") = "Services", "Services", "{0D16CA96-7492-47F9-87A1-67F4FE83F568}"
EndProject
Project("{FAE04EC0-301F-11D3-BF4B-00C04F79EFBC}") = "CAI.Services.Models", "CAI.Services.Models\CAI.Services.Models.csproj", "{13BD51F8-E798-4CD4-A7D5-B811AA3EC731}"
EndProject
Project("{FAE04EC0-301F-11D3-BF4B-00C04F79EFBC}") = "CAI.Common", "CAI.Common\CAI.Common.csproj", "{AB877EE0-95C6-4992-9001-1D6BC6F853AC}"
EndProject
Project("{FAE04EC0-301F-11D3-BF4B-00C04F79EFBC}") = "CAI.Web", "CAI.Web\CAI.Web.csproj", "{86C45777-554F-4A51-8C6A-AF506C79478F}"
EndProject
Project("{FAE04EC0-301F-11D3-BF4B-00C04F79EFBC}") = "CAI.Web.Tests", "CAI.Web.Tests\CAI.Web.Tests.csproj", "{F2D79CB1-EF2C-4BA4-96C5-54BB7484AC45}"
EndProject
Project("{FAE04EC0-301F-11D3-BF4B-00C04F79EFBC}") = "CAI.Data.Filtering", "CAI.Data.Filtering\CAI.Data.Filtering.csproj", "{C88227B3-57BF-4BB5-867C-141AB9B7BBCB}"
EndProject
Global
	GlobalSection(SolutionConfigurationPlatforms) = preSolution
		Debug|Any CPU = Debug|Any CPU
		Release|Any CPU = Release|Any CPU
	EndGlobalSection
	GlobalSection(ProjectConfigurationPlatforms) = postSolution
		{8DB2FB13-D923-48DB-BDCB-A62A16944E99}.Debug|Any CPU.ActiveCfg = Debug|Any CPU
		{8DB2FB13-D923-48DB-BDCB-A62A16944E99}.Debug|Any CPU.Build.0 = Debug|Any CPU
		{8DB2FB13-D923-48DB-BDCB-A62A16944E99}.Release|Any CPU.ActiveCfg = Release|Any CPU
		{8DB2FB13-D923-48DB-BDCB-A62A16944E99}.Release|Any CPU.Build.0 = Release|Any CPU
		{F209A4D2-153F-43B2-964B-A5337E12A150}.Debug|Any CPU.ActiveCfg = Debug|Any CPU
		{F209A4D2-153F-43B2-964B-A5337E12A150}.Debug|Any CPU.Build.0 = Debug|Any CPU
		{F209A4D2-153F-43B2-964B-A5337E12A150}.Release|Any CPU.ActiveCfg = Release|Any CPU
		{F209A4D2-153F-43B2-964B-A5337E12A150}.Release|Any CPU.Build.0 = Release|Any CPU
		{00EBEA36-A607-497F-A55E-65252B825986}.Debug|Any CPU.ActiveCfg = Debug|Any CPU
		{00EBEA36-A607-497F-A55E-65252B825986}.Debug|Any CPU.Build.0 = Debug|Any CPU
		{00EBEA36-A607-497F-A55E-65252B825986}.Release|Any CPU.ActiveCfg = Release|Any CPU
		{00EBEA36-A607-497F-A55E-65252B825986}.Release|Any CPU.Build.0 = Release|Any CPU
		{58BFE3AB-C84D-4F5C-8EE7-60A8A69FD962}.Debug|Any CPU.ActiveCfg = Debug|Any CPU
		{58BFE3AB-C84D-4F5C-8EE7-60A8A69FD962}.Debug|Any CPU.Build.0 = Debug|Any CPU
		{58BFE3AB-C84D-4F5C-8EE7-60A8A69FD962}.Release|Any CPU.ActiveCfg = Release|Any CPU
		{58BFE3AB-C84D-4F5C-8EE7-60A8A69FD962}.Release|Any CPU.Build.0 = Release|Any CPU
		{0F040A2E-83BD-47E2-AC76-A541F18799DC}.Debug|Any CPU.ActiveCfg = Debug|Any CPU
		{0F040A2E-83BD-47E2-AC76-A541F18799DC}.Debug|Any CPU.Build.0 = Debug|Any CPU
		{0F040A2E-83BD-47E2-AC76-A541F18799DC}.Release|Any CPU.ActiveCfg = Release|Any CPU
		{0F040A2E-83BD-47E2-AC76-A541F18799DC}.Release|Any CPU.Build.0 = Release|Any CPU
		{6152A800-A824-4507-9383-6838D017DC3F}.Debug|Any CPU.ActiveCfg = Debug|Any CPU
		{6152A800-A824-4507-9383-6838D017DC3F}.Debug|Any CPU.Build.0 = Debug|Any CPU
		{6152A800-A824-4507-9383-6838D017DC3F}.Release|Any CPU.ActiveCfg = Release|Any CPU
		{6152A800-A824-4507-9383-6838D017DC3F}.Release|Any CPU.Build.0 = Release|Any CPU
		{E9779A9E-32AF-4DEE-B9CF-DC138CB45E2C}.Debug|Any CPU.ActiveCfg = Debug|Any CPU
		{E9779A9E-32AF-4DEE-B9CF-DC138CB45E2C}.Debug|Any CPU.Build.0 = Debug|Any CPU
		{E9779A9E-32AF-4DEE-B9CF-DC138CB45E2C}.Release|Any CPU.ActiveCfg = Release|Any CPU
		{E9779A9E-32AF-4DEE-B9CF-DC138CB45E2C}.Release|Any CPU.Build.0 = Release|Any CPU
		{A2BCD0BD-D125-4D0C-934F-305ED0FCE15D}.Debug|Any CPU.ActiveCfg = Debug|Any CPU
		{A2BCD0BD-D125-4D0C-934F-305ED0FCE15D}.Debug|Any CPU.Build.0 = Debug|Any CPU
		{A2BCD0BD-D125-4D0C-934F-305ED0FCE15D}.Release|Any CPU.ActiveCfg = Release|Any CPU
		{A2BCD0BD-D125-4D0C-934F-305ED0FCE15D}.Release|Any CPU.Build.0 = Release|Any CPU
		{E1E198E3-B376-4E67-9056-690469CE9BBD}.Debug|Any CPU.ActiveCfg = Debug|Any CPU
		{E1E198E3-B376-4E67-9056-690469CE9BBD}.Debug|Any CPU.Build.0 = Debug|Any CPU
		{E1E198E3-B376-4E67-9056-690469CE9BBD}.Release|Any CPU.ActiveCfg = Release|Any CPU
		{E1E198E3-B376-4E67-9056-690469CE9BBD}.Release|Any CPU.Build.0 = Release|Any CPU
		{13BD51F8-E798-4CD4-A7D5-B811AA3EC731}.Debug|Any CPU.ActiveCfg = Debug|Any CPU
		{13BD51F8-E798-4CD4-A7D5-B811AA3EC731}.Debug|Any CPU.Build.0 = Debug|Any CPU
		{13BD51F8-E798-4CD4-A7D5-B811AA3EC731}.Release|Any CPU.ActiveCfg = Release|Any CPU
		{13BD51F8-E798-4CD4-A7D5-B811AA3EC731}.Release|Any CPU.Build.0 = Release|Any CPU
		{AB877EE0-95C6-4992-9001-1D6BC6F853AC}.Debug|Any CPU.ActiveCfg = Debug|Any CPU
		{AB877EE0-95C6-4992-9001-1D6BC6F853AC}.Debug|Any CPU.Build.0 = Debug|Any CPU
		{AB877EE0-95C6-4992-9001-1D6BC6F853AC}.Release|Any CPU.ActiveCfg = Release|Any CPU
		{AB877EE0-95C6-4992-9001-1D6BC6F853AC}.Release|Any CPU.Build.0 = Release|Any CPU
		{86C45777-554F-4A51-8C6A-AF506C79478F}.Debug|Any CPU.ActiveCfg = Debug|Any CPU
		{86C45777-554F-4A51-8C6A-AF506C79478F}.Debug|Any CPU.Build.0 = Debug|Any CPU
		{86C45777-554F-4A51-8C6A-AF506C79478F}.Release|Any CPU.ActiveCfg = Release|Any CPU
		{86C45777-554F-4A51-8C6A-AF506C79478F}.Release|Any CPU.Build.0 = Release|Any CPU
		{F2D79CB1-EF2C-4BA4-96C5-54BB7484AC45}.Debug|Any CPU.ActiveCfg = Debug|Any CPU
		{F2D79CB1-EF2C-4BA4-96C5-54BB7484AC45}.Debug|Any CPU.Build.0 = Debug|Any CPU
		{F2D79CB1-EF2C-4BA4-96C5-54BB7484AC45}.Release|Any CPU.ActiveCfg = Release|Any CPU
		{F2D79CB1-EF2C-4BA4-96C5-54BB7484AC45}.Release|Any CPU.Build.0 = Release|Any CPU
		{C88227B3-57BF-4BB5-867C-141AB9B7BBCB}.Debug|Any CPU.ActiveCfg = Debug|Any CPU
		{C88227B3-57BF-4BB5-867C-141AB9B7BBCB}.Debug|Any CPU.Build.0 = Debug|Any CPU
		{C88227B3-57BF-4BB5-867C-141AB9B7BBCB}.Release|Any CPU.ActiveCfg = Release|Any CPU
		{C88227B3-57BF-4BB5-867C-141AB9B7BBCB}.Release|Any CPU.Build.0 = Release|Any CPU
	EndGlobalSection
	GlobalSection(SolutionProperties) = preSolution
		HideSolutionNode = FALSE
	EndGlobalSection
	GlobalSection(NestedProjects) = preSolution
		{8DB2FB13-D923-48DB-BDCB-A62A16944E99} = {0D16CA96-7492-47F9-87A1-67F4FE83F568}
		{F209A4D2-153F-43B2-964B-A5337E12A150} = {252CFE48-0A83-42D4-854A-DD56D00A49D3}
		{00EBEA36-A607-497F-A55E-65252B825986} = {32DE8CE2-11CD-4827-A415-75C909DB4367}
		{58BFE3AB-C84D-4F5C-8EE7-60A8A69FD962} = {32DE8CE2-11CD-4827-A415-75C909DB4367}
		{0F040A2E-83BD-47E2-AC76-A541F18799DC} = {413970E7-75F2-497B-BA6A-776D6B4B28FC}
		{6152A800-A824-4507-9383-6838D017DC3F} = {413970E7-75F2-497B-BA6A-776D6B4B28FC}
		{E9779A9E-32AF-4DEE-B9CF-DC138CB45E2C} = {413970E7-75F2-497B-BA6A-776D6B4B28FC}
		{A2BCD0BD-D125-4D0C-934F-305ED0FCE15D} = {413970E7-75F2-497B-BA6A-776D6B4B28FC}
		{E1E198E3-B376-4E67-9056-690469CE9BBD} = {0D16CA96-7492-47F9-87A1-67F4FE83F568}
		{13BD51F8-E798-4CD4-A7D5-B811AA3EC731} = {0D16CA96-7492-47F9-87A1-67F4FE83F568}
		{AB877EE0-95C6-4992-9001-1D6BC6F853AC} = {252CFE48-0A83-42D4-854A-DD56D00A49D3}
		{86C45777-554F-4A51-8C6A-AF506C79478F} = {3AA8F592-3934-44B5-AF43-246195D727BB}
		{F2D79CB1-EF2C-4BA4-96C5-54BB7484AC45} = {32DE8CE2-11CD-4827-A415-75C909DB4367}
		{C88227B3-57BF-4BB5-867C-141AB9B7BBCB} = {413970E7-75F2-497B-BA6A-776D6B4B28FC}
	EndGlobalSection
	GlobalSection(ExtensibilityGlobals) = postSolution
		SolutionGuid = {3772706F-69AB-49B0-A061-F69761D05922}
	EndGlobalSection
EndGlobal
